
Microsoft Visual Studio Solution File, Format Version 12.00
# Visual Studio Version 17
VisualStudioVersion = 17.2.32616.157
MinimumVisualStudioVersion = 10.0.40219.1
Project("{9A19103F-16F7-4668-BE54-9A1E7A4F7556}") = "CPU", "CPU\CPU.csproj", "{92ACAB79-4B29-4B3C-A743-5673A8D14E6F}"
EndProject
Project("{9A19103F-16F7-4668-BE54-9A1E7A4F7556}") = "Snake", "Snake\Snake.csproj", "{533121D9-501B-45C9-80C9-BCFD2E80B22B}"
EndProject
Project("{9A19103F-16F7-4668-BE54-9A1E7A4F7556}") = "TestROM", "TestROM\TestROM.csproj", "{47FCD388-30DC-40C2-92B6-438017EB767B}"
EndProject
Project("{9A19103F-16F7-4668-BE54-9A1E7A4F7556}") = "Core", "Core\Core.csproj", "{A1770E0A-F05C-400E-8C61-EFEA78A00B8D}"
EndProject
Project("{9A19103F-16F7-4668-BE54-9A1E7A4F7556}") = "ROM", "ROM\ROM.csproj", "{CEB844B8-F08F-4EB8-B806-9845953B8A7F}"
EndProject
Project("{FAE04EC0-301F-11D3-BF4B-00C04F79EFBC}") = "PPU", "PPU\PPU.csproj", "{16BC1E62-4EB6-4BD0-AFA3-A4ADCDABBCA2}"
EndProject
Global
	GlobalSection(SolutionConfigurationPlatforms) = preSolution
		Debug|Any CPU = Debug|Any CPU
		Release|Any CPU = Release|Any CPU
	EndGlobalSection
	GlobalSection(ProjectConfigurationPlatforms) = postSolution
		{92ACAB79-4B29-4B3C-A743-5673A8D14E6F}.Debug|Any CPU.ActiveCfg = Debug|Any CPU
		{92ACAB79-4B29-4B3C-A743-5673A8D14E6F}.Debug|Any CPU.Build.0 = Debug|Any CPU
		{92ACAB79-4B29-4B3C-A743-5673A8D14E6F}.Release|Any CPU.ActiveCfg = Release|Any CPU
		{92ACAB79-4B29-4B3C-A743-5673A8D14E6F}.Release|Any CPU.Build.0 = Release|Any CPU
		{533121D9-501B-45C9-80C9-BCFD2E80B22B}.Debug|Any CPU.ActiveCfg = Debug|Any CPU
		{533121D9-501B-45C9-80C9-BCFD2E80B22B}.Debug|Any CPU.Build.0 = Debug|Any CPU
		{533121D9-501B-45C9-80C9-BCFD2E80B22B}.Release|Any CPU.ActiveCfg = Release|Any CPU
		{533121D9-501B-45C9-80C9-BCFD2E80B22B}.Release|Any CPU.Build.0 = Release|Any CPU
		{47FCD388-30DC-40C2-92B6-438017EB767B}.Debug|Any CPU.ActiveCfg = Debug|Any CPU
		{47FCD388-30DC-40C2-92B6-438017EB767B}.Debug|Any CPU.Build.0 = Debug|Any CPU
		{47FCD388-30DC-40C2-92B6-438017EB767B}.Release|Any CPU.ActiveCfg = Release|Any CPU
		{47FCD388-30DC-40C2-92B6-438017EB767B}.Release|Any CPU.Build.0 = Release|Any CPU
		{A1770E0A-F05C-400E-8C61-EFEA78A00B8D}.Debug|Any CPU.ActiveCfg = Debug|Any CPU
		{A1770E0A-F05C-400E-8C61-EFEA78A00B8D}.Debug|Any CPU.Build.0 = Debug|Any CPU
		{A1770E0A-F05C-400E-8C61-EFEA78A00B8D}.Release|Any CPU.ActiveCfg = Release|Any CPU
		{A1770E0A-F05C-400E-8C61-EFEA78A00B8D}.Release|Any CPU.Build.0 = Release|Any CPU
		{CEB844B8-F08F-4EB8-B806-9845953B8A7F}.Debug|Any CPU.ActiveCfg = Debug|Any CPU
		{CEB844B8-F08F-4EB8-B806-9845953B8A7F}.Debug|Any CPU.Build.0 = Debug|Any CPU
		{CEB844B8-F08F-4EB8-B806-9845953B8A7F}.Release|Any CPU.ActiveCfg = Release|Any CPU
		{CEB844B8-F08F-4EB8-B806-9845953B8A7F}.Release|Any CPU.Build.0 = Release|Any CPU
		{16BC1E62-4EB6-4BD0-AFA3-A4ADCDABBCA2}.Debug|Any CPU.ActiveCfg = Debug|Any CPU
		{16BC1E62-4EB6-4BD0-AFA3-A4ADCDABBCA2}.Debug|Any CPU.Build.0 = Debug|Any CPU
		{16BC1E62-4EB6-4BD0-AFA3-A4ADCDABBCA2}.Release|Any CPU.ActiveCfg = Release|Any CPU
		{16BC1E62-4EB6-4BD0-AFA3-A4ADCDABBCA2}.Release|Any CPU.Build.0 = Release|Any CPU
	EndGlobalSection
	GlobalSection(SolutionProperties) = preSolution
		HideSolutionNode = FALSE
	EndGlobalSection
	GlobalSection(ExtensibilityGlobals) = postSolution
		SolutionGuid = {61A2E4ED-2656-47E6-A2EC-B2A72FA46683}
	EndGlobalSection
EndGlobal
